
Microsoft Visual Studio Solution File, Format Version 12.00
# Visual Studio Version 17
VisualStudioVersion = 17.4.34601.181
MinimumVisualStudioVersion = 10.0.40219.1
Project("{FAE04EC0-301F-11D3-BF4B-00C04F79EFBC}") = "CarsRental.Domain", "CarsRental.Domain\CarsRental.Domain.csproj", "{3C376B1C-8FD4-4457-9814-27F747680D54}"
EndProject
Project("{2150E333-8FDC-42A3-9474-1A3956D46DE8}") = "src", "src", "{7738F220-4E47-4348-A90B-B725112BA977}"
EndProject
Global
	GlobalSection(SolutionConfigurationPlatforms) = preSolution
		Debug|Any CPU = Debug|Any CPU
		Release|Any CPU = Release|Any CPU
	EndGlobalSection
	GlobalSection(ProjectConfigurationPlatforms) = postSolution
		{3C376B1C-8FD4-4457-9814-27F747680D54}.Debug|Any CPU.ActiveCfg = Debug|Any CPU
		{3C376B1C-8FD4-4457-9814-27F747680D54}.Debug|Any CPU.Build.0 = Debug|Any CPU
		{3C376B1C-8FD4-4457-9814-27F747680D54}.Release|Any CPU.ActiveCfg = Release|Any CPU
		{3C376B1C-8FD4-4457-9814-27F747680D54}.Release|Any CPU.Build.0 = Release|Any CPU
	EndGlobalSection
	GlobalSection(SolutionProperties) = preSolution
		HideSolutionNode = FALSE
	EndGlobalSection
	GlobalSection(NestedProjects) = preSolution
		{3C376B1C-8FD4-4457-9814-27F747680D54} = {7738F220-4E47-4348-A90B-B725112BA977}
	EndGlobalSection
	GlobalSection(ExtensibilityGlobals) = postSolution
		SolutionGuid = {10696762-F5EA-47A7-8EF1-3A48C18D688C}
	EndGlobalSection
EndGlobal
